// !$*UTF8*$!
{
	archiveVersion = 1;
	classes = {
	};
	objectVersion = 56;
	objects = {

/* Begin PBXBuildFile section */
		9833EEAE2BAE1DE800B094A6 /* AppDelegate.swift in Sources */ = {isa = PBXBuildFile; fileRef = 9833EEAD2BAE1DE800B094A6 /* AppDelegate.swift */; };
		9833EEB02BAE1DE800B094A6 /* SceneDelegate.swift in Sources */ = {isa = PBXBuildFile; fileRef = 9833EEAF2BAE1DE800B094A6 /* SceneDelegate.swift */; };
		9833EEB52BAE1DE800B094A6 /* Main.storyboard in Resources */ = {isa = PBXBuildFile; fileRef = 9833EEB32BAE1DE800B094A6 /* Main.storyboard */; };
		9833EEB72BAE1DEA00B094A6 /* Assets.xcassets in Resources */ = {isa = PBXBuildFile; fileRef = 9833EEB62BAE1DEA00B094A6 /* Assets.xcassets */; };
		9833EEBA2BAE1DEA00B094A6 /* LaunchScreen.storyboard in Resources */ = {isa = PBXBuildFile; fileRef = 9833EEB82BAE1DEA00B094A6 /* LaunchScreen.storyboard */; };
		9833EEC82BAE20B100B094A6 /* Icons.xcassets in Resources */ = {isa = PBXBuildFile; fileRef = 9833EEC72BAE20B100B094A6 /* Icons.xcassets */; };
		9833EECA2BAE221400B094A6 /* Colors.xcassets in Resources */ = {isa = PBXBuildFile; fileRef = 9833EEC92BAE221400B094A6 /* Colors.xcassets */; };
		9833EECC2BAE22C700B094A6 /* HeaderViewController.swift in Sources */ = {isa = PBXBuildFile; fileRef = 9833EECB2BAE22C600B094A6 /* HeaderViewController.swift */; };
		9833EECE2BAE231A00B094A6 /* BottomViewController.swift in Sources */ = {isa = PBXBuildFile; fileRef = 9833EECD2BAE231A00B094A6 /* BottomViewController.swift */; };
		9833EED12BAE248A00B094A6 /* BottomPageDelegate.swift in Sources */ = {isa = PBXBuildFile; fileRef = 9833EED02BAE248A00B094A6 /* BottomPageDelegate.swift */; };
		9833EED32BAE24A500B094A6 /* PagerAwareProtocol.swift in Sources */ = {isa = PBXBuildFile; fileRef = 9833EED22BAE24A500B094A6 /* PagerAwareProtocol.swift */; };
		9833EED52BAE24BA00B094A6 /* PannableViewsProtocol.swift in Sources */ = {isa = PBXBuildFile; fileRef = 9833EED42BAE24BA00B094A6 /* PannableViewsProtocol.swift */; };
		9833EED82BAE250900B094A6 /* UIViewController+Extensions.swift in Sources */ = {isa = PBXBuildFile; fileRef = 9833EED72BAE250900B094A6 /* UIViewController+Extensions.swift */; };
		9833EEDA2BAE253100B094A6 /* ProgressDelegate.swift in Sources */ = {isa = PBXBuildFile; fileRef = 9833EED92BAE253100B094A6 /* ProgressDelegate.swift */; };
		9833EEDC2BAE254400B094A6 /* DataSource.swift in Sources */ = {isa = PBXBuildFile; fileRef = 9833EEDB2BAE254400B094A6 /* DataSource.swift */; };
		9833EEDE2BAE25E100B094A6 /* UIStoryboard+Extensions.swift in Sources */ = {isa = PBXBuildFile; fileRef = 9833EEDD2BAE25E100B094A6 /* UIStoryboard+Extensions.swift */; };
		9833EEE02BAE27B200B094A6 /* ContainerViewController.swift in Sources */ = {isa = PBXBuildFile; fileRef = 9833EEDF2BAE27B200B094A6 /* ContainerViewController.swift */; };
		9833EEE22BAE285700B094A6 /* UIScrollView+Extensions.swift in Sources */ = {isa = PBXBuildFile; fileRef = 9833EEE12BAE285700B094A6 /* UIScrollView+Extensions.swift */; };
		9833EEE42BAE287600B094A6 /* UIView+Extensions.swift in Sources */ = {isa = PBXBuildFile; fileRef = 9833EEE32BAE287600B094A6 /* UIView+Extensions.swift */; };
		9833EEE62BAE2CD900B094A6 /* CommonPageView.swift in Sources */ = {isa = PBXBuildFile; fileRef = 9833EEE52BAE2CD900B094A6 /* CommonPageView.swift */; };
		9833EEEC2BAE2FB400B094A6 /* GardropsViewController.swift in Sources */ = {isa = PBXBuildFile; fileRef = 9833EEEB2BAE2FB400B094A6 /* GardropsViewController.swift */; };
		9833EEEE2BAE30FF00B094A6 /* CommonPageProtocol.swift in Sources */ = {isa = PBXBuildFile; fileRef = 9833EEED2BAE30FF00B094A6 /* CommonPageProtocol.swift */; };
		98C13B502BB19731007B8E31 /* TinyConstraints in Frameworks */ = {isa = PBXBuildFile; productRef = 98C13B4F2BB19731007B8E31 /* TinyConstraints */; };
		98C13B522BB197DE007B8E31 /* ProfileView.swift in Sources */ = {isa = PBXBuildFile; fileRef = 98C13B512BB197DE007B8E31 /* ProfileView.swift */; };
		98C13B542BB19D22007B8E31 /* UIImage+Extensions.swift in Sources */ = {isa = PBXBuildFile; fileRef = 98C13B532BB19D22007B8E31 /* UIImage+Extensions.swift */; };
		98C13B5C2BB1A030007B8E31 /* ProductCellModel.swift in Sources */ = {isa = PBXBuildFile; fileRef = 98C13B5B2BB1A030007B8E31 /* ProductCellModel.swift */; };
		98C13B5E2BB1A060007B8E31 /* ProductCell.swift in Sources */ = {isa = PBXBuildFile; fileRef = 98C13B5D2BB1A060007B8E31 /* ProductCell.swift */; };
		98C13B602BB1A0B4007B8E31 /* UIImageView+Extensions.swift in Sources */ = {isa = PBXBuildFile; fileRef = 98C13B5F2BB1A0B4007B8E31 /* UIImageView+Extensions.swift */; };
		98C13B632BB1A0C1007B8E31 /* Kingfisher in Frameworks */ = {isa = PBXBuildFile; productRef = 98C13B622BB1A0C1007B8E31 /* Kingfisher */; };
		98C13B652BB1A5D4007B8E31 /* GardropsViewModel.swift in Sources */ = {isa = PBXBuildFile; fileRef = 98C13B642BB1A5D4007B8E31 /* GardropsViewModel.swift */; };
		98C13B682BB1AD42007B8E31 /* MainViewController.swift in Sources */ = {isa = PBXBuildFile; fileRef = 98C13B672BB1AD42007B8E31 /* MainViewController.swift */; };
		98C13B722BB20378007B8E31 /* FavoriteViewModel.swift in Sources */ = {isa = PBXBuildFile; fileRef = 98C13B712BB20378007B8E31 /* FavoriteViewModel.swift */; };
		98C13B742BB20381007B8E31 /* FavoriteViewController.swift in Sources */ = {isa = PBXBuildFile; fileRef = 98C13B732BB20381007B8E31 /* FavoriteViewController.swift */; };
		98C13B7F2BB24655007B8E31 /* TabPageDelegate.swift in Sources */ = {isa = PBXBuildFile; fileRef = 98C13B7E2BB24655007B8E31 /* TabPageDelegate.swift */; };
		98C13B822BB24687007B8E31 /* TabPage.swift in Sources */ = {isa = PBXBuildFile; fileRef = 98C13B812BB24687007B8E31 /* TabPage.swift */; };
		98C13B842BB246DB007B8E31 /* TabButton.swift in Sources */ = {isa = PBXBuildFile; fileRef = 98C13B832BB246DB007B8E31 /* TabButton.swift */; };
/* End PBXBuildFile section */

/* Begin PBXFileReference section */
		9833EEAA2BAE1DE800B094A6 /* GardropsProfile.app */ = {isa = PBXFileReference; explicitFileType = wrapper.application; includeInIndex = 0; path = GardropsProfile.app; sourceTree = BUILT_PRODUCTS_DIR; };
		9833EEAD2BAE1DE800B094A6 /* AppDelegate.swift */ = {isa = PBXFileReference; lastKnownFileType = sourcecode.swift; path = AppDelegate.swift; sourceTree = "<group>"; };
		9833EEAF2BAE1DE800B094A6 /* SceneDelegate.swift */ = {isa = PBXFileReference; lastKnownFileType = sourcecode.swift; path = SceneDelegate.swift; sourceTree = "<group>"; };
		9833EEB42BAE1DE800B094A6 /* Base */ = {isa = PBXFileReference; lastKnownFileType = file.storyboard; name = Base; path = Base.lproj/Main.storyboard; sourceTree = "<group>"; };
		9833EEB62BAE1DEA00B094A6 /* Assets.xcassets */ = {isa = PBXFileReference; lastKnownFileType = folder.assetcatalog; path = Assets.xcassets; sourceTree = "<group>"; };
		9833EEB92BAE1DEA00B094A6 /* Base */ = {isa = PBXFileReference; lastKnownFileType = file.storyboard; name = Base; path = Base.lproj/LaunchScreen.storyboard; sourceTree = "<group>"; };
		9833EEBB2BAE1DEA00B094A6 /* Info.plist */ = {isa = PBXFileReference; lastKnownFileType = text.plist.xml; path = Info.plist; sourceTree = "<group>"; };
		9833EEC72BAE20B100B094A6 /* Icons.xcassets */ = {isa = PBXFileReference; lastKnownFileType = folder.assetcatalog; path = Icons.xcassets; sourceTree = "<group>"; };
		9833EEC92BAE221400B094A6 /* Colors.xcassets */ = {isa = PBXFileReference; lastKnownFileType = folder.assetcatalog; path = Colors.xcassets; sourceTree = "<group>"; };
		9833EECB2BAE22C600B094A6 /* HeaderViewController.swift */ = {isa = PBXFileReference; lastKnownFileType = sourcecode.swift; path = HeaderViewController.swift; sourceTree = "<group>"; };
		9833EECD2BAE231A00B094A6 /* BottomViewController.swift */ = {isa = PBXFileReference; lastKnownFileType = sourcecode.swift; path = BottomViewController.swift; sourceTree = "<group>"; };
		9833EED02BAE248A00B094A6 /* BottomPageDelegate.swift */ = {isa = PBXFileReference; lastKnownFileType = sourcecode.swift; path = BottomPageDelegate.swift; sourceTree = "<group>"; };
		9833EED22BAE24A500B094A6 /* PagerAwareProtocol.swift */ = {isa = PBXFileReference; lastKnownFileType = sourcecode.swift; path = PagerAwareProtocol.swift; sourceTree = "<group>"; };
		9833EED42BAE24BA00B094A6 /* PannableViewsProtocol.swift */ = {isa = PBXFileReference; lastKnownFileType = sourcecode.swift; path = PannableViewsProtocol.swift; sourceTree = "<group>"; };
		9833EED72BAE250900B094A6 /* UIViewController+Extensions.swift */ = {isa = PBXFileReference; lastKnownFileType = sourcecode.swift; path = "UIViewController+Extensions.swift"; sourceTree = "<group>"; };
		9833EED92BAE253100B094A6 /* ProgressDelegate.swift */ = {isa = PBXFileReference; lastKnownFileType = sourcecode.swift; path = ProgressDelegate.swift; sourceTree = "<group>"; };
		9833EEDB2BAE254400B094A6 /* DataSource.swift */ = {isa = PBXFileReference; lastKnownFileType = sourcecode.swift; path = DataSource.swift; sourceTree = "<group>"; };
		9833EEDD2BAE25E100B094A6 /* UIStoryboard+Extensions.swift */ = {isa = PBXFileReference; lastKnownFileType = sourcecode.swift; path = "UIStoryboard+Extensions.swift"; sourceTree = "<group>"; };
		9833EEDF2BAE27B200B094A6 /* ContainerViewController.swift */ = {isa = PBXFileReference; lastKnownFileType = sourcecode.swift; path = ContainerViewController.swift; sourceTree = "<group>"; };
		9833EEE12BAE285700B094A6 /* UIScrollView+Extensions.swift */ = {isa = PBXFileReference; lastKnownFileType = sourcecode.swift; path = "UIScrollView+Extensions.swift"; sourceTree = "<group>"; };
		9833EEE32BAE287600B094A6 /* UIView+Extensions.swift */ = {isa = PBXFileReference; lastKnownFileType = sourcecode.swift; path = "UIView+Extensions.swift"; sourceTree = "<group>"; };
		9833EEE52BAE2CD900B094A6 /* CommonPageView.swift */ = {isa = PBXFileReference; lastKnownFileType = sourcecode.swift; path = CommonPageView.swift; sourceTree = "<group>"; };
		9833EEEB2BAE2FB400B094A6 /* GardropsViewController.swift */ = {isa = PBXFileReference; lastKnownFileType = sourcecode.swift; path = GardropsViewController.swift; sourceTree = "<group>"; };
		9833EEED2BAE30FF00B094A6 /* CommonPageProtocol.swift */ = {isa = PBXFileReference; lastKnownFileType = sourcecode.swift; path = CommonPageProtocol.swift; sourceTree = "<group>"; };
		98C13B512BB197DE007B8E31 /* ProfileView.swift */ = {isa = PBXFileReference; lastKnownFileType = sourcecode.swift; path = ProfileView.swift; sourceTree = "<group>"; };
		98C13B532BB19D22007B8E31 /* UIImage+Extensions.swift */ = {isa = PBXFileReference; lastKnownFileType = sourcecode.swift; path = "UIImage+Extensions.swift"; sourceTree = "<group>"; };
		98C13B5B2BB1A030007B8E31 /* ProductCellModel.swift */ = {isa = PBXFileReference; lastKnownFileType = sourcecode.swift; path = ProductCellModel.swift; sourceTree = "<group>"; };
		98C13B5D2BB1A060007B8E31 /* ProductCell.swift */ = {isa = PBXFileReference; lastKnownFileType = sourcecode.swift; path = ProductCell.swift; sourceTree = "<group>"; };
		98C13B5F2BB1A0B4007B8E31 /* UIImageView+Extensions.swift */ = {isa = PBXFileReference; lastKnownFileType = sourcecode.swift; path = "UIImageView+Extensions.swift"; sourceTree = "<group>"; };
		98C13B642BB1A5D4007B8E31 /* GardropsViewModel.swift */ = {isa = PBXFileReference; lastKnownFileType = sourcecode.swift; path = GardropsViewModel.swift; sourceTree = "<group>"; };
		98C13B672BB1AD42007B8E31 /* MainViewController.swift */ = {isa = PBXFileReference; lastKnownFileType = sourcecode.swift; path = MainViewController.swift; sourceTree = "<group>"; };
		98C13B712BB20378007B8E31 /* FavoriteViewModel.swift */ = {isa = PBXFileReference; lastKnownFileType = sourcecode.swift; path = FavoriteViewModel.swift; sourceTree = "<group>"; };
		98C13B732BB20381007B8E31 /* FavoriteViewController.swift */ = {isa = PBXFileReference; lastKnownFileType = sourcecode.swift; path = FavoriteViewController.swift; sourceTree = "<group>"; };
		98C13B7E2BB24655007B8E31 /* TabPageDelegate.swift */ = {isa = PBXFileReference; lastKnownFileType = sourcecode.swift; path = TabPageDelegate.swift; sourceTree = "<group>"; };
		98C13B812BB24687007B8E31 /* TabPage.swift */ = {isa = PBXFileReference; lastKnownFileType = sourcecode.swift; path = TabPage.swift; sourceTree = "<group>"; };
		98C13B832BB246DB007B8E31 /* TabButton.swift */ = {isa = PBXFileReference; lastKnownFileType = sourcecode.swift; path = TabButton.swift; sourceTree = "<group>"; };
/* End PBXFileReference section */

/* Begin PBXFrameworksBuildPhase section */
		9833EEA72BAE1DE800B094A6 /* Frameworks */ = {
			isa = PBXFrameworksBuildPhase;
			buildActionMask = 2147483647;
			files = (
				98C13B632BB1A0C1007B8E31 /* Kingfisher in Frameworks */,
				98C13B502BB19731007B8E31 /* TinyConstraints in Frameworks */,
			);
			runOnlyForDeploymentPostprocessing = 0;
		};
/* End PBXFrameworksBuildPhase section */

/* Begin PBXGroup section */
		9833EEA12BAE1DE800B094A6 = {
			isa = PBXGroup;
			children = (
				9833EEAC2BAE1DE800B094A6 /* GardropsProfile */,
				9833EEAB2BAE1DE800B094A6 /* Products */,
			);
			sourceTree = "<group>";
		};
		9833EEAB2BAE1DE800B094A6 /* Products */ = {
			isa = PBXGroup;
			children = (
				9833EEAA2BAE1DE800B094A6 /* GardropsProfile.app */,
			);
			name = Products;
			sourceTree = "<group>";
		};
		9833EEAC2BAE1DE800B094A6 /* GardropsProfile */ = {
			isa = PBXGroup;
			children = (
				9833EEC12BAE1E4C00B094A6 /* AppDelegates */,
				9833EED62BAE24F500B094A6 /* Extensions */,
				9833EECF2BAE246700B094A6 /* Protocols */,
				9833EEC22BAE1EBA00B094A6 /* Scenes */,
				9833EEC52BAE204F00B094A6 /* UIComponents */,
				9833EEB82BAE1DEA00B094A6 /* LaunchScreen.storyboard */,
				9833EEBB2BAE1DEA00B094A6 /* Info.plist */,
			);
			path = GardropsProfile;
			sourceTree = "<group>";
		};
		9833EEC12BAE1E4C00B094A6 /* AppDelegates */ = {
			isa = PBXGroup;
			children = (
				9833EEAF2BAE1DE800B094A6 /* SceneDelegate.swift */,
				9833EEAD2BAE1DE800B094A6 /* AppDelegate.swift */,
			);
			path = AppDelegates;
			sourceTree = "<group>";
		};
		9833EEC22BAE1EBA00B094A6 /* Scenes */ = {
			isa = PBXGroup;
			children = (
				98C13B662BB1AD2E007B8E31 /* Main */,
				98C13B6D2BB1FDC2007B8E31 /* Scroll */,
				98C13B692BB1ADEC007B8E31 /* Header */,
				98C13B6A2BB1AF52007B8E31 /* Bottom */,
				98C13B6F2BB201CB007B8E31 /* Gardrops */,
				98C13B702BB201E7007B8E31 /* Favorite */,
			);
			path = Scenes;
			sourceTree = "<group>";
		};
		9833EEC52BAE204F00B094A6 /* UIComponents */ = {
			isa = PBXGroup;
			children = (
				98C13B572BB19FEA007B8E31 /* UIView */,
				98C13B5A2BB1A017007B8E31 /* Cell */,
				98C13B752BB21650007B8E31 /* Extensions */,
				9833EEC62BAE207900B094A6 /* Resources */,
				9833EEB32BAE1DE800B094A6 /* Main.storyboard */,
			);
			path = UIComponents;
			sourceTree = "<group>";
		};
		9833EEC62BAE207900B094A6 /* Resources */ = {
			isa = PBXGroup;
			children = (
				9833EEB62BAE1DEA00B094A6 /* Assets.xcassets */,
				9833EEC72BAE20B100B094A6 /* Icons.xcassets */,
				9833EEC92BAE221400B094A6 /* Colors.xcassets */,
			);
			path = Resources;
			sourceTree = "<group>";
		};
		9833EECF2BAE246700B094A6 /* Protocols */ = {
			isa = PBXGroup;
			children = (
				98C13B7D2BB2463F007B8E31 /* TapPage */,
				9833EED02BAE248A00B094A6 /* BottomPageDelegate.swift */,
				9833EED22BAE24A500B094A6 /* PagerAwareProtocol.swift */,
				9833EED42BAE24BA00B094A6 /* PannableViewsProtocol.swift */,
				9833EED92BAE253100B094A6 /* ProgressDelegate.swift */,
				9833EEDB2BAE254400B094A6 /* DataSource.swift */,
				9833EEED2BAE30FF00B094A6 /* CommonPageProtocol.swift */,
			);
			path = Protocols;
			sourceTree = "<group>";
		};
		9833EED62BAE24F500B094A6 /* Extensions */ = {
			isa = PBXGroup;
			children = (
				9833EED72BAE250900B094A6 /* UIViewController+Extensions.swift */,
				9833EEDD2BAE25E100B094A6 /* UIStoryboard+Extensions.swift */,
			);
			path = Extensions;
			sourceTree = "<group>";
		};
		98C13B572BB19FEA007B8E31 /* UIView */ = {
			isa = PBXGroup;
			children = (
				98C13B802BB24674007B8E31 /* TabPage */,
				98C13B582BB19FEF007B8E31 /* ProfileView */,
				98C13B6E2BB201AE007B8E31 /* CommonPageView */,
			);
			path = UIView;
			sourceTree = "<group>";
		};
		98C13B582BB19FEF007B8E31 /* ProfileView */ = {
			isa = PBXGroup;
			children = (
				98C13B512BB197DE007B8E31 /* ProfileView.swift */,
			);
			path = ProfileView;
			sourceTree = "<group>";
		};
		98C13B5A2BB1A017007B8E31 /* Cell */ = {
			isa = PBXGroup;
			children = (
				98C13B5B2BB1A030007B8E31 /* ProductCellModel.swift */,
				98C13B5D2BB1A060007B8E31 /* ProductCell.swift */,
			);
			path = Cell;
			sourceTree = "<group>";
		};
		98C13B662BB1AD2E007B8E31 /* Main */ = {
			isa = PBXGroup;
			children = (
				98C13B672BB1AD42007B8E31 /* MainViewController.swift */,
			);
			path = Main;
			sourceTree = "<group>";
		};
		98C13B692BB1ADEC007B8E31 /* Header */ = {
			isa = PBXGroup;
			children = (
				9833EECB2BAE22C600B094A6 /* HeaderViewController.swift */,
			);
			path = Header;
			sourceTree = "<group>";
		};
		98C13B6A2BB1AF52007B8E31 /* Bottom */ = {
			isa = PBXGroup;
			children = (
				9833EECD2BAE231A00B094A6 /* BottomViewController.swift */,
			);
			path = Bottom;
			sourceTree = "<group>";
		};
		98C13B6D2BB1FDC2007B8E31 /* Scroll */ = {
			isa = PBXGroup;
			children = (
				9833EEDF2BAE27B200B094A6 /* ContainerViewController.swift */,
			);
			path = Scroll;
			sourceTree = "<group>";
		};
		98C13B6E2BB201AE007B8E31 /* CommonPageView */ = {
			isa = PBXGroup;
			children = (
				9833EEE52BAE2CD900B094A6 /* CommonPageView.swift */,
			);
			path = CommonPageView;
			sourceTree = "<group>";
		};
		98C13B6F2BB201CB007B8E31 /* Gardrops */ = {
			isa = PBXGroup;
			children = (
				98C13B642BB1A5D4007B8E31 /* GardropsViewModel.swift */,
				9833EEEB2BAE2FB400B094A6 /* GardropsViewController.swift */,
			);
			path = Gardrops;
			sourceTree = "<group>";
		};
		98C13B702BB201E7007B8E31 /* Favorite */ = {
			isa = PBXGroup;
			children = (
				98C13B712BB20378007B8E31 /* FavoriteViewModel.swift */,
				98C13B732BB20381007B8E31 /* FavoriteViewController.swift */,
			);
			path = Favorite;
			sourceTree = "<group>";
		};
		98C13B752BB21650007B8E31 /* Extensions */ = {
			isa = PBXGroup;
			children = (
				9833EEE12BAE285700B094A6 /* UIScrollView+Extensions.swift */,
				9833EEE32BAE287600B094A6 /* UIView+Extensions.swift */,
				98C13B5F2BB1A0B4007B8E31 /* UIImageView+Extensions.swift */,
				98C13B532BB19D22007B8E31 /* UIImage+Extensions.swift */,
			);
			path = Extensions;
			sourceTree = "<group>";
		};
		98C13B7D2BB2463F007B8E31 /* TapPage */ = {
			isa = PBXGroup;
			children = (
				98C13B7E2BB24655007B8E31 /* TabPageDelegate.swift */,
			);
			path = TapPage;
			sourceTree = "<group>";
		};
		98C13B802BB24674007B8E31 /* TabPage */ = {
			isa = PBXGroup;
			children = (
				98C13B812BB24687007B8E31 /* TabPage.swift */,
				98C13B832BB246DB007B8E31 /* TabButton.swift */,
			);
			path = TabPage;
			sourceTree = "<group>";
		};
/* End PBXGroup section */

/* Begin PBXNativeTarget section */
		9833EEA92BAE1DE800B094A6 /* GardropsProfile */ = {
			isa = PBXNativeTarget;
			buildConfigurationList = 9833EEBE2BAE1DEA00B094A6 /* Build configuration list for PBXNativeTarget "GardropsProfile" */;
			buildPhases = (
				9833EEA62BAE1DE800B094A6 /* Sources */,
				9833EEA72BAE1DE800B094A6 /* Frameworks */,
				9833EEA82BAE1DE800B094A6 /* Resources */,
			);
			buildRules = (
			);
			dependencies = (
			);
			name = GardropsProfile;
			packageProductDependencies = (
				98C13B4F2BB19731007B8E31 /* TinyConstraints */,
				98C13B622BB1A0C1007B8E31 /* Kingfisher */,
			);
			productName = GardropsProfile;
			productReference = 9833EEAA2BAE1DE800B094A6 /* GardropsProfile.app */;
			productType = "com.apple.product-type.application";
		};
/* End PBXNativeTarget section */

/* Begin PBXProject section */
		9833EEA22BAE1DE800B094A6 /* Project object */ = {
			isa = PBXProject;
			attributes = {
				BuildIndependentTargetsInParallel = 1;
				LastSwiftUpdateCheck = 1520;
				LastUpgradeCheck = 1520;
				TargetAttributes = {
					9833EEA92BAE1DE800B094A6 = {
						CreatedOnToolsVersion = 15.2;
					};
				};
			};
			buildConfigurationList = 9833EEA52BAE1DE800B094A6 /* Build configuration list for PBXProject "GardropsProfile" */;
			compatibilityVersion = "Xcode 14.0";
			developmentRegion = en;
			hasScannedForEncodings = 0;
			knownRegions = (
				en,
				Base,
			);
			mainGroup = 9833EEA12BAE1DE800B094A6;
			packageReferences = (
				98C13B4E2BB19731007B8E31 /* XCRemoteSwiftPackageReference "TinyConstraints" */,
				98C13B612BB1A0C1007B8E31 /* XCRemoteSwiftPackageReference "Kingfisher" */,
			);
			productRefGroup = 9833EEAB2BAE1DE800B094A6 /* Products */;
			projectDirPath = "";
			projectRoot = "";
			targets = (
				9833EEA92BAE1DE800B094A6 /* GardropsProfile */,
			);
		};
/* End PBXProject section */

/* Begin PBXResourcesBuildPhase section */
		9833EEA82BAE1DE800B094A6 /* Resources */ = {
			isa = PBXResourcesBuildPhase;
			buildActionMask = 2147483647;
			files = (
				9833EECA2BAE221400B094A6 /* Colors.xcassets in Resources */,
				9833EEBA2BAE1DEA00B094A6 /* LaunchScreen.storyboard in Resources */,
				9833EEB72BAE1DEA00B094A6 /* Assets.xcassets in Resources */,
				9833EEC82BAE20B100B094A6 /* Icons.xcassets in Resources */,
				9833EEB52BAE1DE800B094A6 /* Main.storyboard in Resources */,
			);
			runOnlyForDeploymentPostprocessing = 0;
		};
/* End PBXResourcesBuildPhase section */

/* Begin PBXSourcesBuildPhase section */
		9833EEA62BAE1DE800B094A6 /* Sources */ = {
			isa = PBXSourcesBuildPhase;
			buildActionMask = 2147483647;
			files = (
				98C13B722BB20378007B8E31 /* FavoriteViewModel.swift in Sources */,
				98C13B602BB1A0B4007B8E31 /* UIImageView+Extensions.swift in Sources */,
				9833EEE62BAE2CD900B094A6 /* CommonPageView.swift in Sources */,
				9833EEAE2BAE1DE800B094A6 /* AppDelegate.swift in Sources */,
				9833EEDA2BAE253100B094A6 /* ProgressDelegate.swift in Sources */,
				9833EEE02BAE27B200B094A6 /* ContainerViewController.swift in Sources */,
				98C13B822BB24687007B8E31 /* TabPage.swift in Sources */,
				9833EEEE2BAE30FF00B094A6 /* CommonPageProtocol.swift in Sources */,
				9833EECC2BAE22C700B094A6 /* HeaderViewController.swift in Sources */,
				9833EED32BAE24A500B094A6 /* PagerAwareProtocol.swift in Sources */,
				9833EEEC2BAE2FB400B094A6 /* GardropsViewController.swift in Sources */,
				98C13B742BB20381007B8E31 /* FavoriteViewController.swift in Sources */,
				9833EECE2BAE231A00B094A6 /* BottomViewController.swift in Sources */,
				9833EED82BAE250900B094A6 /* UIViewController+Extensions.swift in Sources */,
				9833EEDE2BAE25E100B094A6 /* UIStoryboard+Extensions.swift in Sources */,
				98C13B5E2BB1A060007B8E31 /* ProductCell.swift in Sources */,
				9833EED12BAE248A00B094A6 /* BottomPageDelegate.swift in Sources */,
				98C13B842BB246DB007B8E31 /* TabButton.swift in Sources */,
				9833EEB02BAE1DE800B094A6 /* SceneDelegate.swift in Sources */,
				98C13B7F2BB24655007B8E31 /* TabPageDelegate.swift in Sources */,
				98C13B542BB19D22007B8E31 /* UIImage+Extensions.swift in Sources */,
				98C13B652BB1A5D4007B8E31 /* GardropsViewModel.swift in Sources */,
				9833EEDC2BAE254400B094A6 /* DataSource.swift in Sources */,
				9833EEE42BAE287600B094A6 /* UIView+Extensions.swift in Sources */,
				9833EED52BAE24BA00B094A6 /* PannableViewsProtocol.swift in Sources */,
				98C13B5C2BB1A030007B8E31 /* ProductCellModel.swift in Sources */,
				9833EEE22BAE285700B094A6 /* UIScrollView+Extensions.swift in Sources */,
				98C13B682BB1AD42007B8E31 /* MainViewController.swift in Sources */,
				98C13B522BB197DE007B8E31 /* ProfileView.swift in Sources */,
			);
			runOnlyForDeploymentPostprocessing = 0;
		};
/* End PBXSourcesBuildPhase section */

/* Begin PBXVariantGroup section */
		9833EEB32BAE1DE800B094A6 /* Main.storyboard */ = {
			isa = PBXVariantGroup;
			children = (
				9833EEB42BAE1DE800B094A6 /* Base */,
			);
			name = Main.storyboard;
			sourceTree = "<group>";
		};
		9833EEB82BAE1DEA00B094A6 /* LaunchScreen.storyboard */ = {
			isa = PBXVariantGroup;
			children = (
				9833EEB92BAE1DEA00B094A6 /* Base */,
			);
			name = LaunchScreen.storyboard;
			sourceTree = "<group>";
		};
/* End PBXVariantGroup section */

/* Begin XCBuildConfiguration section */
		9833EEBC2BAE1DEA00B094A6 /* Debug */ = {
			isa = XCBuildConfiguration;
			buildSettings = {
				ALWAYS_SEARCH_USER_PATHS = NO;
				ASSETCATALOG_COMPILER_GENERATE_SWIFT_ASSET_SYMBOL_EXTENSIONS = YES;
				CLANG_ANALYZER_NONNULL = YES;
				CLANG_ANALYZER_NUMBER_OBJECT_CONVERSION = YES_AGGRESSIVE;
				CLANG_CXX_LANGUAGE_STANDARD = "gnu++20";
				CLANG_ENABLE_MODULES = YES;
				CLANG_ENABLE_OBJC_ARC = YES;
				CLANG_ENABLE_OBJC_WEAK = YES;
				CLANG_WARN_BLOCK_CAPTURE_AUTORELEASING = YES;
				CLANG_WARN_BOOL_CONVERSION = YES;
				CLANG_WARN_COMMA = YES;
				CLANG_WARN_CONSTANT_CONVERSION = YES;
				CLANG_WARN_DEPRECATED_OBJC_IMPLEMENTATIONS = YES;
				CLANG_WARN_DIRECT_OBJC_ISA_USAGE = YES_ERROR;
				CLANG_WARN_DOCUMENTATION_COMMENTS = YES;
				CLANG_WARN_EMPTY_BODY = YES;
				CLANG_WARN_ENUM_CONVERSION = YES;
				CLANG_WARN_INFINITE_RECURSION = YES;
				CLANG_WARN_INT_CONVERSION = YES;
				CLANG_WARN_NON_LITERAL_NULL_CONVERSION = YES;
				CLANG_WARN_OBJC_IMPLICIT_RETAIN_SELF = YES;
				CLANG_WARN_OBJC_LITERAL_CONVERSION = YES;
				CLANG_WARN_OBJC_ROOT_CLASS = YES_ERROR;
				CLANG_WARN_QUOTED_INCLUDE_IN_FRAMEWORK_HEADER = YES;
				CLANG_WARN_RANGE_LOOP_ANALYSIS = YES;
				CLANG_WARN_STRICT_PROTOTYPES = YES;
				CLANG_WARN_SUSPICIOUS_MOVE = YES;
				CLANG_WARN_UNGUARDED_AVAILABILITY = YES_AGGRESSIVE;
				CLANG_WARN_UNREACHABLE_CODE = YES;
				CLANG_WARN__DUPLICATE_METHOD_MATCH = YES;
				COPY_PHASE_STRIP = NO;
				DEBUG_INFORMATION_FORMAT = dwarf;
				ENABLE_STRICT_OBJC_MSGSEND = YES;
				ENABLE_TESTABILITY = YES;
				ENABLE_USER_SCRIPT_SANDBOXING = YES;
				GCC_C_LANGUAGE_STANDARD = gnu17;
				GCC_DYNAMIC_NO_PIC = NO;
				GCC_NO_COMMON_BLOCKS = YES;
				GCC_OPTIMIZATION_LEVEL = 0;
				GCC_PREPROCESSOR_DEFINITIONS = (
					"DEBUG=1",
					"$(inherited)",
				);
				GCC_WARN_64_TO_32_BIT_CONVERSION = YES;
				GCC_WARN_ABOUT_RETURN_TYPE = YES_ERROR;
				GCC_WARN_UNDECLARED_SELECTOR = YES;
				GCC_WARN_UNINITIALIZED_AUTOS = YES_AGGRESSIVE;
				GCC_WARN_UNUSED_FUNCTION = YES;
				GCC_WARN_UNUSED_VARIABLE = YES;
				IPHONEOS_DEPLOYMENT_TARGET = 17.2;
				LOCALIZATION_PREFERS_STRING_CATALOGS = YES;
				MTL_ENABLE_DEBUG_INFO = INCLUDE_SOURCE;
				MTL_FAST_MATH = YES;
				ONLY_ACTIVE_ARCH = YES;
				SDKROOT = iphoneos;
				SWIFT_ACTIVE_COMPILATION_CONDITIONS = "DEBUG $(inherited)";
				SWIFT_OPTIMIZATION_LEVEL = "-Onone";
			};
			name = Debug;
		};
		9833EEBD2BAE1DEA00B094A6 /* Release */ = {
			isa = XCBuildConfiguration;
			buildSettings = {
				ALWAYS_SEARCH_USER_PATHS = NO;
				ASSETCATALOG_COMPILER_GENERATE_SWIFT_ASSET_SYMBOL_EXTENSIONS = YES;
				CLANG_ANALYZER_NONNULL = YES;
				CLANG_ANALYZER_NUMBER_OBJECT_CONVERSION = YES_AGGRESSIVE;
				CLANG_CXX_LANGUAGE_STANDARD = "gnu++20";
				CLANG_ENABLE_MODULES = YES;
				CLANG_ENABLE_OBJC_ARC = YES;
				CLANG_ENABLE_OBJC_WEAK = YES;
				CLANG_WARN_BLOCK_CAPTURE_AUTORELEASING = YES;
				CLANG_WARN_BOOL_CONVERSION = YES;
				CLANG_WARN_COMMA = YES;
				CLANG_WARN_CONSTANT_CONVERSION = YES;
				CLANG_WARN_DEPRECATED_OBJC_IMPLEMENTATIONS = YES;
				CLANG_WARN_DIRECT_OBJC_ISA_USAGE = YES_ERROR;
				CLANG_WARN_DOCUMENTATION_COMMENTS = YES;
				CLANG_WARN_EMPTY_BODY = YES;
				CLANG_WARN_ENUM_CONVERSION = YES;
				CLANG_WARN_INFINITE_RECURSION = YES;
				CLANG_WARN_INT_CONVERSION = YES;
				CLANG_WARN_NON_LITERAL_NULL_CONVERSION = YES;
				CLANG_WARN_OBJC_IMPLICIT_RETAIN_SELF = YES;
				CLANG_WARN_OBJC_LITERAL_CONVERSION = YES;
				CLANG_WARN_OBJC_ROOT_CLASS = YES_ERROR;
				CLANG_WARN_QUOTED_INCLUDE_IN_FRAMEWORK_HEADER = YES;
				CLANG_WARN_RANGE_LOOP_ANALYSIS = YES;
				CLANG_WARN_STRICT_PROTOTYPES = YES;
				CLANG_WARN_SUSPICIOUS_MOVE = YES;
				CLANG_WARN_UNGUARDED_AVAILABILITY = YES_AGGRESSIVE;
				CLANG_WARN_UNREACHABLE_CODE = YES;
				CLANG_WARN__DUPLICATE_METHOD_MATCH = YES;
				COPY_PHASE_STRIP = NO;
				DEBUG_INFORMATION_FORMAT = "dwarf-with-dsym";
				ENABLE_NS_ASSERTIONS = NO;
				ENABLE_STRICT_OBJC_MSGSEND = YES;
				ENABLE_USER_SCRIPT_SANDBOXING = YES;
				GCC_C_LANGUAGE_STANDARD = gnu17;
				GCC_NO_COMMON_BLOCKS = YES;
				GCC_WARN_64_TO_32_BIT_CONVERSION = YES;
				GCC_WARN_ABOUT_RETURN_TYPE = YES_ERROR;
				GCC_WARN_UNDECLARED_SELECTOR = YES;
				GCC_WARN_UNINITIALIZED_AUTOS = YES_AGGRESSIVE;
				GCC_WARN_UNUSED_FUNCTION = YES;
				GCC_WARN_UNUSED_VARIABLE = YES;
				IPHONEOS_DEPLOYMENT_TARGET = 17.2;
				LOCALIZATION_PREFERS_STRING_CATALOGS = YES;
				MTL_ENABLE_DEBUG_INFO = NO;
				MTL_FAST_MATH = YES;
				SDKROOT = iphoneos;
				SWIFT_COMPILATION_MODE = wholemodule;
				VALIDATE_PRODUCT = YES;
			};
			name = Release;
		};
		9833EEBF2BAE1DEA00B094A6 /* Debug */ = {
			isa = XCBuildConfiguration;
			buildSettings = {
				ASSETCATALOG_COMPILER_APPICON_NAME = AppIcon;
				ASSETCATALOG_COMPILER_GLOBAL_ACCENT_COLOR_NAME = AccentColor;
				CODE_SIGN_STYLE = Automatic;
				CURRENT_PROJECT_VERSION = 1;
				DEVELOPMENT_TEAM = 66C8Q7ZLNJ;
				GENERATE_INFOPLIST_FILE = YES;
				INFOPLIST_FILE = GardropsProfile/Info.plist;
				INFOPLIST_KEY_UIApplicationSupportsIndirectInputEvents = YES;
				INFOPLIST_KEY_UILaunchStoryboardName = LaunchScreen;
				INFOPLIST_KEY_UIMainStoryboardFile = Main;
				INFOPLIST_KEY_UISupportedInterfaceOrientations_iPad = "UIInterfaceOrientationPortrait UIInterfaceOrientationPortraitUpsideDown UIInterfaceOrientationLandscapeLeft UIInterfaceOrientationLandscapeRight";
				INFOPLIST_KEY_UISupportedInterfaceOrientations_iPhone = "UIInterfaceOrientationPortrait UIInterfaceOrientationLandscapeLeft UIInterfaceOrientationLandscapeRight";
				LD_RUNPATH_SEARCH_PATHS = (
					"$(inherited)",
					"@executable_path/Frameworks",
				);
				MARKETING_VERSION = 1.0;
				PRODUCT_BUNDLE_IDENTIFIER = info.GardropsProfile;
				PRODUCT_NAME = "$(TARGET_NAME)";
				SWIFT_EMIT_LOC_STRINGS = YES;
				SWIFT_VERSION = 5.0;
				TARGETED_DEVICE_FAMILY = "1,2";
			};
			name = Debug;
		};
		9833EEC02BAE1DEA00B094A6 /* Release */ = {
			isa = XCBuildConfiguration;
			buildSettings = {
				ASSETCATALOG_COMPILER_APPICON_NAME = AppIcon;
				ASSETCATALOG_COMPILER_GLOBAL_ACCENT_COLOR_NAME = AccentColor;
				CODE_SIGN_STYLE = Automatic;
				CURRENT_PROJECT_VERSION = 1;
				DEVELOPMENT_TEAM = 66C8Q7ZLNJ;
				GENERATE_INFOPLIST_FILE = YES;
				INFOPLIST_FILE = GardropsProfile/Info.plist;
				INFOPLIST_KEY_UIApplicationSupportsIndirectInputEvents = YES;
				INFOPLIST_KEY_UILaunchStoryboardName = LaunchScreen;
				INFOPLIST_KEY_UIMainStoryboardFile = Main;
				INFOPLIST_KEY_UISupportedInterfaceOrientations_iPad = "UIInterfaceOrientationPortrait UIInterfaceOrientationPortraitUpsideDown UIInterfaceOrientationLandscapeLeft UIInterfaceOrientationLandscapeRight";
				INFOPLIST_KEY_UISupportedInterfaceOrientations_iPhone = "UIInterfaceOrientationPortrait UIInterfaceOrientationLandscapeLeft UIInterfaceOrientationLandscapeRight";
				LD_RUNPATH_SEARCH_PATHS = (
					"$(inherited)",
					"@executable_path/Frameworks",
				);
				MARKETING_VERSION = 1.0;
				PRODUCT_BUNDLE_IDENTIFIER = info.GardropsProfile;
				PRODUCT_NAME = "$(TARGET_NAME)";
				SWIFT_EMIT_LOC_STRINGS = YES;
				SWIFT_VERSION = 5.0;
				TARGETED_DEVICE_FAMILY = "1,2";
			};
			name = Release;
		};
/* End XCBuildConfiguration section */

/* Begin XCConfigurationList section */
		9833EEA52BAE1DE800B094A6 /* Build configuration list for PBXProject "GardropsProfile" */ = {
			isa = XCConfigurationList;
			buildConfigurations = (
				9833EEBC2BAE1DEA00B094A6 /* Debug */,
				9833EEBD2BAE1DEA00B094A6 /* Release */,
			);
			defaultConfigurationIsVisible = 0;
			defaultConfigurationName = Release;
		};
		9833EEBE2BAE1DEA00B094A6 /* Build configuration list for PBXNativeTarget "GardropsProfile" */ = {
			isa = XCConfigurationList;
			buildConfigurations = (
				9833EEBF2BAE1DEA00B094A6 /* Debug */,
				9833EEC02BAE1DEA00B094A6 /* Release */,
			);
			defaultConfigurationIsVisible = 0;
			defaultConfigurationName = Release;
		};
/* End XCConfigurationList section */

/* Begin XCRemoteSwiftPackageReference section */
		98C13B4E2BB19731007B8E31 /* XCRemoteSwiftPackageReference "TinyConstraints" */ = {
			isa = XCRemoteSwiftPackageReference;
			repositoryURL = "https://github.com/roberthein/TinyConstraints.git";
			requirement = {
				kind = upToNextMajorVersion;
				minimumVersion = 4.0.2;
			};
		};
		98C13B612BB1A0C1007B8E31 /* XCRemoteSwiftPackageReference "Kingfisher" */ = {
			isa = XCRemoteSwiftPackageReference;
			repositoryURL = "https://github.com/onevcat/Kingfisher";
			requirement = {
				kind = upToNextMajorVersion;
				minimumVersion = 7.11.0;
			};
		};
/* End XCRemoteSwiftPackageReference section */

/* Begin XCSwiftPackageProductDependency section */
		98C13B4F2BB19731007B8E31 /* TinyConstraints */ = {
			isa = XCSwiftPackageProductDependency;
			package = 98C13B4E2BB19731007B8E31 /* XCRemoteSwiftPackageReference "TinyConstraints" */;
			productName = TinyConstraints;
		};
		98C13B622BB1A0C1007B8E31 /* Kingfisher */ = {
			isa = XCSwiftPackageProductDependency;
			package = 98C13B612BB1A0C1007B8E31 /* XCRemoteSwiftPackageReference "Kingfisher" */;
			productName = Kingfisher;
		};
/* End XCSwiftPackageProductDependency section */
	};
	rootObject = 9833EEA22BAE1DE800B094A6 /* Project object */;
}
